
Microsoft Visual Studio Solution File, Format Version 12.00
# Visual Studio Version 17
VisualStudioVersion = 17.5.002.0
MinimumVisualStudioVersion = 10.0.40219.1
Project("{9A19103F-16F7-4668-BE54-9A1E7A4F7556}") = "Exceptions102", "Exceptions102.csproj", "{FF726EDA-2586-49F0-B985-AFE7BFCC61C9}"
EndProject
Global
	GlobalSection(SolutionConfigurationPlatforms) = preSolution
		Debug|Any CPU = Debug|Any CPU
		Release|Any CPU = Release|Any CPU
	EndGlobalSection
	GlobalSection(ProjectConfigurationPlatforms) = postSolution
		{FF726EDA-2586-49F0-B985-AFE7BFCC61C9}.Debug|Any CPU.ActiveCfg = Debug|Any CPU
		{FF726EDA-2586-49F0-B985-AFE7BFCC61C9}.Debug|Any CPU.Build.0 = Debug|Any CPU
		{FF726EDA-2586-49F0-B985-AFE7BFCC61C9}.Release|Any CPU.ActiveCfg = Release|Any CPU
		{FF726EDA-2586-49F0-B985-AFE7BFCC61C9}.Release|Any CPU.Build.0 = Release|Any CPU
	EndGlobalSection
	GlobalSection(SolutionProperties) = preSolution
		HideSolutionNode = FALSE
	EndGlobalSection
	GlobalSection(ExtensibilityGlobals) = postSolution
		SolutionGuid = {99437D55-796E-4092-9C87-1F551F0B357F}
	EndGlobalSection
EndGlobal
